// !$*UTF8*$!
{
	archiveVersion = 1;
	classes = {
	};
	objectVersion = 52;
	objects = {

/* Begin PBXBuildFile section */
		4F233A9D26AE55290046FD91 /* correct.wav in Resources */ = {isa = PBXBuildFile; fileRef = 4F233A9C26AE55290046FD91 /* correct.wav */; };
		4F233A9F26AE555E0046FD91 /* finish.wav in Resources */ = {isa = PBXBuildFile; fileRef = 4F233A9E26AE555E0046FD91 /* finish.wav */; };
		4F233AA126AE55820046FD91 /* SoundPlayer.swift in Sources */ = {isa = PBXBuildFile; fileRef = 4F233AA026AE55820046FD91 /* SoundPlayer.swift */; };
		4F233AA926AE644E0046FD91 /* TimeView.swift in Sources */ = {isa = PBXBuildFile; fileRef = 4F233AA826AE644E0046FD91 /* TimeView.swift */; };
		4F233AAB26AE65580046FD91 /* GameTime.swift in Sources */ = {isa = PBXBuildFile; fileRef = 4F233AAA26AE65580046FD91 /* GameTime.swift */; };
		4F233AB226AE67DC0046FD91 /* IndiaLanguage.swift in Sources */ = {isa = PBXBuildFile; fileRef = 4F233AB126AE67DC0046FD91 /* IndiaLanguage.swift */; };
		4F233AB626AE69050046FD91 /* StateData.swift in Sources */ = {isa = PBXBuildFile; fileRef = 4F233AB526AE69050046FD91 /* StateData.swift */; };
		4F233AB826AE690C0046FD91 /* InImage.swift in Sources */ = {isa = PBXBuildFile; fileRef = 4F233AB726AE690C0046FD91 /* InImage.swift */; };
		4F233ABA26AE69170046FD91 /* License.swift in Sources */ = {isa = PBXBuildFile; fileRef = 4F233AB926AE69170046FD91 /* License.swift */; };
		4F233ABC26AE6A4E0046FD91 /* States.swift in Sources */ = {isa = PBXBuildFile; fileRef = 4F233ABB26AE6A4E0046FD91 /* States.swift */; };
		4F233ABE26AE6B270046FD91 /* DoneBar.swift in Sources */ = {isa = PBXBuildFile; fileRef = 4F233ABD26AE6B270046FD91 /* DoneBar.swift */; };
		4F233AC226AE6D040046FD91 /* DarkBackground.swift in Sources */ = {isa = PBXBuildFile; fileRef = 4F233AC126AE6D040046FD91 /* DarkBackground.swift */; };
		4F233AC426AE70330046FD91 /* String.swift in Sources */ = {isa = PBXBuildFile; fileRef = 4F233AC326AE70330046FD91 /* String.swift */; };
		4F2AF95926A09A2D00470F84 /* Color.swift in Sources */ = {isa = PBXBuildFile; fileRef = 4F2AF95826A09A2D00470F84 /* Color.swift */; };
		4F2AF95E26A0A6F400470F84 /* Game.swift in Sources */ = {isa = PBXBuildFile; fileRef = 4F2AF95D26A0A6F400470F84 /* Game.swift */; };
		4F2AF96326A0B1BB00470F84 /* Success.swift in Sources */ = {isa = PBXBuildFile; fileRef = 4F2AF96226A0B1BB00470F84 /* Success.swift */; };
		4F2AF96526A0BB6400470F84 /* Entry.swift in Sources */ = {isa = PBXBuildFile; fileRef = 4F2AF96426A0BB6400470F84 /* Entry.swift */; };
		4F2AF96726A11A8D00470F84 /* Done.swift in Sources */ = {isa = PBXBuildFile; fileRef = 4F2AF96626A11A8D00470F84 /* Done.swift */; };
		4F2AF96926A11D0A00470F84 /* SingleAxisGeometryReader.swift in Sources */ = {isa = PBXBuildFile; fileRef = 4F2AF96826A11D0A00470F84 /* SingleAxisGeometryReader.swift */; };
		4F2AF96B26A2229200470F84 /* SettingsKey.swift in Sources */ = {isa = PBXBuildFile; fileRef = 4F2AF96A26A2229200470F84 /* SettingsKey.swift */; };
		4F2AF96D26A2269F00470F84 /* Stats.swift in Sources */ = {isa = PBXBuildFile; fileRef = 4F2AF96C26A2269F00470F84 /* Stats.swift */; };
		4F2AF97026A23FF300470F84 /* india_montage.mp4 in Resources */ = {isa = PBXBuildFile; fileRef = 4F2AF96F26A23FF300470F84 /* india_montage.mp4 */; };
		4F2AF97226A2439D00470F84 /* LoopingPlayerView.swift in Sources */ = {isa = PBXBuildFile; fileRef = 4F2AF97126A2439D00470F84 /* LoopingPlayerView.swift */; };
		4F355ADE269FC8B7009126EA /* InState.swift in Sources */ = {isa = PBXBuildFile; fileRef = 4F355ADD269FC8B7009126EA /* InState.swift */; };
		4F355AE0269FDE07009126EA /* india.html in Resources */ = {isa = PBXBuildFile; fileRef = 4F355ADF269FDE07009126EA /* india.html */; };
		4F355AE226A09311009126EA /* AnswersForState.swift in Sources */ = {isa = PBXBuildFile; fileRef = 4F355AE126A09311009126EA /* AnswersForState.swift */; };
		4F4F2BEB26A2581E00B336A2 /* Notes in Resources */ = {isa = PBXBuildFile; fileRef = 4F4F2BEA26A2581E00B336A2 /* Notes */; };
		4F4F2BF026A3384B00B336A2 /* States.xcassets in Resources */ = {isa = PBXBuildFile; fileRef = 4F4F2BEF26A3384B00B336A2 /* States.xcassets */; };
		4F5292FC26AF05DD00AD6C8A /* Settings.swift in Sources */ = {isa = PBXBuildFile; fileRef = 4F5292FB26AF05DD00AD6C8A /* Settings.swift */; };
		4F6D09E4269FC4C3008BEA2A /* WebView.swift in Sources */ = {isa = PBXBuildFile; fileRef = 4F6D09E3269FC4C3008BEA2A /* WebView.swift */; };
		4F86A1B626B093DB0050C91D /* isPreview.swift in Sources */ = {isa = PBXBuildFile; fileRef = 4F86A1B526B093DB0050C91D /* isPreview.swift */; };
		4F86A1B826B094A90050C91D /* StatePercent.swift in Sources */ = {isa = PBXBuildFile; fileRef = 4F86A1B726B094A90050C91D /* StatePercent.swift */; };
		4F86A1BA26B094E90050C91D /* DataStore.swift in Sources */ = {isa = PBXBuildFile; fileRef = 4F86A1B926B094E90050C91D /* DataStore.swift */; };
		4F86A1BE26B09A7A0050C91D /* NoDataView.swift in Sources */ = {isa = PBXBuildFile; fileRef = 4F86A1BD26B09A7A0050C91D /* NoDataView.swift */; };
		4F86A1C026B09BB10050C91D /* viewIf.swift in Sources */ = {isa = PBXBuildFile; fileRef = 4F86A1BF26B09BB10050C91D /* viewIf.swift */; };
		4F86A1C226B09C3E0050C91D /* boolOSChecks.swift in Sources */ = {isa = PBXBuildFile; fileRef = 4F86A1C126B09C3E0050C91D /* boolOSChecks.swift */; };
		4F86A1C426B0AAE60050C91D /* defaultPreviewStyle.swift in Sources */ = {isa = PBXBuildFile; fileRef = 4F86A1C326B0AAE60050C91D /* defaultPreviewStyle.swift */; };
		4F86A1C626B0AB670050C91D /* Gradients.swift in Sources */ = {isa = PBXBuildFile; fileRef = 4F86A1C526B0AB670050C91D /* Gradients.swift */; };
		4F86A1C826B0B5B50050C91D /* Launch Screen.storyboard in Resources */ = {isa = PBXBuildFile; fileRef = 4F86A1C726B0B5B50050C91D /* Launch Screen.storyboard */; };
		4F8CB26226B49CAF002B6FCD /* CapitalView.swift in Sources */ = {isa = PBXBuildFile; fileRef = 4F8CB26126B49CAF002B6FCD /* CapitalView.swift */; };
		4F8CB26426B49DC8002B6FCD /* LanguageView.swift in Sources */ = {isa = PBXBuildFile; fileRef = 4F8CB26326B49DC8002B6FCD /* LanguageView.swift */; };
		4F8CB26626B4A3CA002B6FCD /* StateImage.swift in Sources */ = {isa = PBXBuildFile; fileRef = 4F8CB26526B4A3CA002B6FCD /* StateImage.swift */; };
		4F8CB26826B4A510002B6FCD /* Languages.swift in Sources */ = {isa = PBXBuildFile; fileRef = 4F8CB26726B4A510002B6FCD /* Languages.swift */; };
		4F8CB26A26B4A5C2002B6FCD /* PositiveMessage.swift in Sources */ = {isa = PBXBuildFile; fileRef = 4F8CB26926B4A5C2002B6FCD /* PositiveMessage.swift */; };
		4F8CB26C26B4A5FD002B6FCD /* NextButton.swift in Sources */ = {isa = PBXBuildFile; fileRef = 4F8CB26B26B4A5FD002B6FCD /* NextButton.swift */; };
		4F8CB26F26B4DB66002B6FCD /* AnswerTabContent.swift in Sources */ = {isa = PBXBuildFile; fileRef = 4F8CB26E26B4DB66002B6FCD /* AnswerTabContent.swift */; };
		4F8CB27126B4E87B002B6FCD /* StandardXButton.swift in Sources */ = {isa = PBXBuildFile; fileRef = 4F8CB27026B4E87B002B6FCD /* StandardXButton.swift */; };
		4FA374D826AF54250019D079 /* OverflowScroll.swift in Sources */ = {isa = PBXBuildFile; fileRef = 4FA374D726AF54250019D079 /* OverflowScroll.swift */; };
		4FD60E98269F74C40006C798 /* india_statesApp.swift in Sources */ = {isa = PBXBuildFile; fileRef = 4FD60E97269F74C40006C798 /* india_statesApp.swift */; };
		4FD60E9A269F74C40006C798 /* ContentView.swift in Sources */ = {isa = PBXBuildFile; fileRef = 4FD60E99269F74C40006C798 /* ContentView.swift */; };
		4FD60E9C269F74C60006C798 /* Assets.xcassets in Resources */ = {isa = PBXBuildFile; fileRef = 4FD60E9B269F74C60006C798 /* Assets.xcassets */; };
		4FD60E9F269F74C60006C798 /* Preview Assets.xcassets in Resources */ = {isa = PBXBuildFile; fileRef = 4FD60E9E269F74C60006C798 /* Preview Assets.xcassets */; };
		4FF19BD726B1DC9100281549 /* flagpng.png in Resources */ = {isa = PBXBuildFile; fileRef = 4FF19BD626B1DC9100281549 /* flagpng.png */; };
		4FF19BDB26B4640A00281549 /* Colors.xcassets in Resources */ = {isa = PBXBuildFile; fileRef = 4FF19BDA26B4640A00281549 /* Colors.xcassets */; };
		4FF19BDF26B4710600281549 /* StatusBarController.swift in Sources */ = {isa = PBXBuildFile; fileRef = 4FF19BDE26B4710600281549 /* StatusBarController.swift */; };
/* End PBXBuildFile section */

/* Begin PBXFileReference section */
		4F233A9C26AE55290046FD91 /* correct.wav */ = {isa = PBXFileReference; lastKnownFileType = audio.wav; path = correct.wav; sourceTree = "<group>"; };
		4F233A9E26AE555E0046FD91 /* finish.wav */ = {isa = PBXFileReference; lastKnownFileType = audio.wav; path = finish.wav; sourceTree = "<group>"; };
		4F233AA026AE55820046FD91 /* SoundPlayer.swift */ = {isa = PBXFileReference; lastKnownFileType = sourcecode.swift; path = SoundPlayer.swift; sourceTree = "<group>"; };
		4F233AA826AE644E0046FD91 /* TimeView.swift */ = {isa = PBXFileReference; lastKnownFileType = sourcecode.swift; path = TimeView.swift; sourceTree = "<group>"; };
		4F233AAA26AE65580046FD91 /* GameTime.swift */ = {isa = PBXFileReference; lastKnownFileType = sourcecode.swift; path = GameTime.swift; sourceTree = "<group>"; };
		4F233AB126AE67DC0046FD91 /* IndiaLanguage.swift */ = {isa = PBXFileReference; lastKnownFileType = sourcecode.swift; path = IndiaLanguage.swift; sourceTree = "<group>"; };
		4F233AB526AE69050046FD91 /* StateData.swift */ = {isa = PBXFileReference; lastKnownFileType = sourcecode.swift; path = StateData.swift; sourceTree = "<group>"; };
		4F233AB726AE690C0046FD91 /* InImage.swift */ = {isa = PBXFileReference; lastKnownFileType = sourcecode.swift; path = InImage.swift; sourceTree = "<group>"; };
		4F233AB926AE69170046FD91 /* License.swift */ = {isa = PBXFileReference; lastKnownFileType = sourcecode.swift; path = License.swift; sourceTree = "<group>"; };
		4F233ABB26AE6A4E0046FD91 /* States.swift */ = {isa = PBXFileReference; lastKnownFileType = sourcecode.swift; path = States.swift; sourceTree = "<group>"; };
		4F233ABD26AE6B270046FD91 /* DoneBar.swift */ = {isa = PBXFileReference; lastKnownFileType = sourcecode.swift; path = DoneBar.swift; sourceTree = "<group>"; };
		4F233AC126AE6D040046FD91 /* DarkBackground.swift */ = {isa = PBXFileReference; fileEncoding = 4; lastKnownFileType = sourcecode.swift; path = DarkBackground.swift; sourceTree = "<group>"; };
		4F233AC326AE70330046FD91 /* String.swift */ = {isa = PBXFileReference; lastKnownFileType = sourcecode.swift; path = String.swift; sourceTree = "<group>"; };
		4F2AF95826A09A2D00470F84 /* Color.swift */ = {isa = PBXFileReference; lastKnownFileType = sourcecode.swift; path = Color.swift; sourceTree = "<group>"; };
		4F2AF95D26A0A6F400470F84 /* Game.swift */ = {isa = PBXFileReference; lastKnownFileType = sourcecode.swift; path = Game.swift; sourceTree = "<group>"; };
		4F2AF96226A0B1BB00470F84 /* Success.swift */ = {isa = PBXFileReference; lastKnownFileType = sourcecode.swift; path = Success.swift; sourceTree = "<group>"; };
		4F2AF96426A0BB6400470F84 /* Entry.swift */ = {isa = PBXFileReference; lastKnownFileType = sourcecode.swift; path = Entry.swift; sourceTree = "<group>"; };
		4F2AF96626A11A8D00470F84 /* Done.swift */ = {isa = PBXFileReference; lastKnownFileType = sourcecode.swift; path = Done.swift; sourceTree = "<group>"; };
		4F2AF96826A11D0A00470F84 /* SingleAxisGeometryReader.swift */ = {isa = PBXFileReference; lastKnownFileType = sourcecode.swift; path = SingleAxisGeometryReader.swift; sourceTree = "<group>"; };
		4F2AF96A26A2229200470F84 /* SettingsKey.swift */ = {isa = PBXFileReference; lastKnownFileType = sourcecode.swift; path = SettingsKey.swift; sourceTree = "<group>"; };
		4F2AF96C26A2269F00470F84 /* Stats.swift */ = {isa = PBXFileReference; lastKnownFileType = sourcecode.swift; path = Stats.swift; sourceTree = "<group>"; };
		4F2AF96F26A23FF300470F84 /* india_montage.mp4 */ = {isa = PBXFileReference; lastKnownFileType = file; path = india_montage.mp4; sourceTree = "<group>"; };
		4F2AF97126A2439D00470F84 /* LoopingPlayerView.swift */ = {isa = PBXFileReference; fileEncoding = 4; lastKnownFileType = sourcecode.swift; path = LoopingPlayerView.swift; sourceTree = "<group>"; };
		4F355ADD269FC8B7009126EA /* InState.swift */ = {isa = PBXFileReference; lastKnownFileType = sourcecode.swift; path = InState.swift; sourceTree = "<group>"; };
		4F355ADF269FDE07009126EA /* india.html */ = {isa = PBXFileReference; fileEncoding = 4; lastKnownFileType = text.html; path = india.html; sourceTree = "<group>"; };
		4F355AE126A09311009126EA /* AnswersForState.swift */ = {isa = PBXFileReference; lastKnownFileType = sourcecode.swift; path = AnswersForState.swift; sourceTree = "<group>"; };
		4F4F2BEA26A2581E00B336A2 /* Notes */ = {isa = PBXFileReference; lastKnownFileType = text; path = Notes; sourceTree = "<group>"; };
		4F4F2BEF26A3384B00B336A2 /* States.xcassets */ = {isa = PBXFileReference; lastKnownFileType = folder.assetcatalog; path = States.xcassets; sourceTree = "<group>"; };
		4F5292FB26AF05DD00AD6C8A /* Settings.swift */ = {isa = PBXFileReference; lastKnownFileType = sourcecode.swift; path = Settings.swift; sourceTree = "<group>"; };
		4F6D09E3269FC4C3008BEA2A /* WebView.swift */ = {isa = PBXFileReference; lastKnownFileType = sourcecode.swift; path = WebView.swift; sourceTree = "<group>"; };
		4F86A1B526B093DB0050C91D /* isPreview.swift */ = {isa = PBXFileReference; lastKnownFileType = sourcecode.swift; path = isPreview.swift; sourceTree = "<group>"; };
		4F86A1B726B094A90050C91D /* StatePercent.swift */ = {isa = PBXFileReference; lastKnownFileType = sourcecode.swift; path = StatePercent.swift; sourceTree = "<group>"; };
		4F86A1B926B094E90050C91D /* DataStore.swift */ = {isa = PBXFileReference; lastKnownFileType = sourcecode.swift; path = DataStore.swift; sourceTree = "<group>"; };
		4F86A1BD26B09A7A0050C91D /* NoDataView.swift */ = {isa = PBXFileReference; lastKnownFileType = sourcecode.swift; path = NoDataView.swift; sourceTree = "<group>"; };
		4F86A1BF26B09BB10050C91D /* viewIf.swift */ = {isa = PBXFileReference; lastKnownFileType = sourcecode.swift; path = viewIf.swift; sourceTree = "<group>"; };
		4F86A1C126B09C3E0050C91D /* boolOSChecks.swift */ = {isa = PBXFileReference; lastKnownFileType = sourcecode.swift; path = boolOSChecks.swift; sourceTree = "<group>"; };
		4F86A1C326B0AAE60050C91D /* defaultPreviewStyle.swift */ = {isa = PBXFileReference; lastKnownFileType = sourcecode.swift; path = defaultPreviewStyle.swift; sourceTree = "<group>"; };
		4F86A1C526B0AB670050C91D /* Gradients.swift */ = {isa = PBXFileReference; lastKnownFileType = sourcecode.swift; path = Gradients.swift; sourceTree = "<group>"; };
		4F86A1C726B0B5B50050C91D /* Launch Screen.storyboard */ = {isa = PBXFileReference; lastKnownFileType = file.storyboard; path = "Launch Screen.storyboard"; sourceTree = "<group>"; };
		4F8CB26126B49CAF002B6FCD /* CapitalView.swift */ = {isa = PBXFileReference; lastKnownFileType = sourcecode.swift; path = CapitalView.swift; sourceTree = "<group>"; };
		4F8CB26326B49DC8002B6FCD /* LanguageView.swift */ = {isa = PBXFileReference; lastKnownFileType = sourcecode.swift; path = LanguageView.swift; sourceTree = "<group>"; };
		4F8CB26526B4A3CA002B6FCD /* StateImage.swift */ = {isa = PBXFileReference; lastKnownFileType = sourcecode.swift; path = StateImage.swift; sourceTree = "<group>"; };
		4F8CB26726B4A510002B6FCD /* Languages.swift */ = {isa = PBXFileReference; lastKnownFileType = sourcecode.swift; path = Languages.swift; sourceTree = "<group>"; };
		4F8CB26926B4A5C2002B6FCD /* PositiveMessage.swift */ = {isa = PBXFileReference; lastKnownFileType = sourcecode.swift; path = PositiveMessage.swift; sourceTree = "<group>"; };
		4F8CB26B26B4A5FD002B6FCD /* NextButton.swift */ = {isa = PBXFileReference; lastKnownFileType = sourcecode.swift; path = NextButton.swift; sourceTree = "<group>"; };
		4F8CB26E26B4DB66002B6FCD /* AnswerTabContent.swift */ = {isa = PBXFileReference; lastKnownFileType = sourcecode.swift; path = AnswerTabContent.swift; sourceTree = "<group>"; };
		4F8CB27026B4E87B002B6FCD /* StandardXButton.swift */ = {isa = PBXFileReference; lastKnownFileType = sourcecode.swift; path = StandardXButton.swift; sourceTree = "<group>"; };
		4FA374D726AF54250019D079 /* OverflowScroll.swift */ = {isa = PBXFileReference; lastKnownFileType = sourcecode.swift; path = OverflowScroll.swift; sourceTree = "<group>"; };
		4FA374D926AFADAA0019D079 /* india_states.entitlements */ = {isa = PBXFileReference; lastKnownFileType = text.plist.entitlements; path = india_states.entitlements; sourceTree = "<group>"; };
		4FD60E94269F74C40006C798 /* india_states.app */ = {isa = PBXFileReference; explicitFileType = wrapper.application; includeInIndex = 0; path = india_states.app; sourceTree = BUILT_PRODUCTS_DIR; };
		4FD60E97269F74C40006C798 /* india_statesApp.swift */ = {isa = PBXFileReference; lastKnownFileType = sourcecode.swift; path = india_statesApp.swift; sourceTree = "<group>"; };
		4FD60E99269F74C40006C798 /* ContentView.swift */ = {isa = PBXFileReference; lastKnownFileType = sourcecode.swift; path = ContentView.swift; sourceTree = "<group>"; };
		4FD60E9B269F74C60006C798 /* Assets.xcassets */ = {isa = PBXFileReference; lastKnownFileType = folder.assetcatalog; path = Assets.xcassets; sourceTree = "<group>"; };
		4FD60E9E269F74C60006C798 /* Preview Assets.xcassets */ = {isa = PBXFileReference; lastKnownFileType = folder.assetcatalog; path = "Preview Assets.xcassets"; sourceTree = "<group>"; };
		4FD60EA0269F74C60006C798 /* Info.plist */ = {isa = PBXFileReference; lastKnownFileType = text.plist.xml; path = Info.plist; sourceTree = "<group>"; };
		4FF19BD626B1DC9100281549 /* flagpng.png */ = {isa = PBXFileReference; lastKnownFileType = image.png; path = flagpng.png; sourceTree = "<group>"; };
		4FF19BDA26B4640A00281549 /* Colors.xcassets */ = {isa = PBXFileReference; lastKnownFileType = folder.assetcatalog; path = Colors.xcassets; sourceTree = "<group>"; };
		4FF19BDE26B4710600281549 /* StatusBarController.swift */ = {isa = PBXFileReference; fileEncoding = 4; lastKnownFileType = sourcecode.swift; path = StatusBarController.swift; sourceTree = "<group>"; };
/* End PBXFileReference section */

/* Begin PBXFrameworksBuildPhase section */
		4FD60E91269F74C40006C798 /* Frameworks */ = {
			isa = PBXFrameworksBuildPhase;
			buildActionMask = 2147483647;
			files = (
			);
			runOnlyForDeploymentPostprocessing = 0;
		};
/* End PBXFrameworksBuildPhase section */

/* Begin PBXGroup section */
		4F233A9926AE53ED0046FD91 /* Sounds */ = {
			isa = PBXGroup;
			children = (
				4F233A9E26AE555E0046FD91 /* finish.wav */,
				4F233A9C26AE55290046FD91 /* correct.wav */,
			);
			path = Sounds;
			sourceTree = "<group>";
		};
		4F233AA226AE61B60046FD91 /* Entry */ = {
			isa = PBXGroup;
			children = (
				4F2AF96426A0BB6400470F84 /* Entry.swift */,
				4F2AF97126A2439D00470F84 /* LoopingPlayerView.swift */,
			);
			path = Entry;
			sourceTree = "<group>";
		};
		4F233AA426AE61D30046FD91 /* Game */ = {
			isa = PBXGroup;
			children = (
				4F8CB26D26B4DA91002B6FCD /* Main */,
				4F8CB26026B49C88002B6FCD /* Success */,
				4F8CB25F26B49C2E002B6FCD /* Done */,
			);
			path = Game;
			sourceTree = "<group>";
		};
		4F233AA526AE61F30046FD91 /* Stats */ = {
			isa = PBXGroup;
			children = (
				4F2AF96C26A2269F00470F84 /* Stats.swift */,
				4F86A1BD26B09A7A0050C91D /* NoDataView.swift */,
			);
			path = Stats;
			sourceTree = "<group>";
		};
		4F233AA626AE62130046FD91 /* Helper */ = {
			isa = PBXGroup;
			children = (
				4F2AF96826A11D0A00470F84 /* SingleAxisGeometryReader.swift */,
				4FF19BDE26B4710600281549 /* StatusBarController.swift */,
			);
			path = Helper;
			sourceTree = "<group>";
		};
		4F233AAF26AE67AF0046FD91 /* Extensions */ = {
			isa = PBXGroup;
			children = (
				4F2AF95826A09A2D00470F84 /* Color.swift */,
				4F233AC326AE70330046FD91 /* String.swift */,
				4F86A1B526B093DB0050C91D /* isPreview.swift */,
				4F86A1BF26B09BB10050C91D /* viewIf.swift */,
				4F86A1C126B09C3E0050C91D /* boolOSChecks.swift */,
				4F86A1C526B0AB670050C91D /* Gradients.swift */,
			);
			path = Extensions;
			sourceTree = "<group>";
		};
		4F233AB026AE67C80046FD91 /* Enums_Options */ = {
			isa = PBXGroup;
			children = (
				4F233ABB26AE6A4E0046FD91 /* States.swift */,
				4F2AF96A26A2229200470F84 /* SettingsKey.swift */,
				4F233AB126AE67DC0046FD91 /* IndiaLanguage.swift */,
				4F233AB526AE69050046FD91 /* StateData.swift */,
				4F233AB726AE690C0046FD91 /* InImage.swift */,
				4F233AB926AE69170046FD91 /* License.swift */,
				4F86A1B726B094A90050C91D /* StatePercent.swift */,
			);
			path = Enums_Options;
			sourceTree = "<group>";
		};
		4F233AB326AE685D0046FD91 /* OOs */ = {
			isa = PBXGroup;
			children = (
				4F233AAA26AE65580046FD91 /* GameTime.swift */,
			);
			path = OOs;
			sourceTree = "<group>";
		};
		4F233AB426AE687E0046FD91 /* Struct_Classes */ = {
			isa = PBXGroup;
			children = (
				4F355ADD269FC8B7009126EA /* InState.swift */,
				4F233AA026AE55820046FD91 /* SoundPlayer.swift */,
				4F86A1B926B094E90050C91D /* DataStore.swift */,
			);
			path = Struct_Classes;
			sourceTree = "<group>";
		};
		4F233AC026AE6CE30046FD91 /* Modifiers */ = {
			isa = PBXGroup;
			children = (
				4F233AC126AE6D040046FD91 /* DarkBackground.swift */,
				4FA374D726AF54250019D079 /* OverflowScroll.swift */,
				4F86A1C326B0AAE60050C91D /* defaultPreviewStyle.swift */,
			);
			path = Modifiers;
			sourceTree = "<group>";
		};
		4F2AF95726A09A1C00470F84 /* Model */ = {
			isa = PBXGroup;
			children = (
				4F233AAF26AE67AF0046FD91 /* Extensions */,
				4F233AB026AE67C80046FD91 /* Enums_Options */,
				4F233AB426AE687E0046FD91 /* Struct_Classes */,
				4F233AB326AE685D0046FD91 /* OOs */,
			);
			path = Model;
			sourceTree = "<group>";
		};
		4F2AF95A26A09B1A00470F84 /* Views */ = {
			isa = PBXGroup;
			children = (
				4FF19BDD26B466D100281549 /* Launch */,
				4F233AA226AE61B60046FD91 /* Entry */,
				4F233AA426AE61D30046FD91 /* Game */,
				4F233AA526AE61F30046FD91 /* Stats */,
				4F5292FA26AF05CD00AD6C8A /* Settings */,
				4F233AA626AE62130046FD91 /* Helper */,
				4F233AC026AE6CE30046FD91 /* Modifiers */,
			);
			path = Views;
			sourceTree = "<group>";
		};
		4F2AF95B26A09B3000470F84 /* Resources */ = {
			isa = PBXGroup;
			children = (
				4F233A9926AE53ED0046FD91 /* Sounds */,
				4F2AF96E26A23FF300470F84 /* Videos */,
				4F2AF95C26A09B6500470F84 /* HTML */,
				4FF19BDC26B4644600281549 /* Images */,
				4FF19BDA26B4640A00281549 /* Colors.xcassets */,
			);
			path = Resources;
			sourceTree = "<group>";
		};
		4F2AF95C26A09B6500470F84 /* HTML */ = {
			isa = PBXGroup;
			children = (
				4F355ADF269FDE07009126EA /* india.html */,
			);
			path = HTML;
			sourceTree = "<group>";
		};
		4F2AF96E26A23FF300470F84 /* Videos */ = {
			isa = PBXGroup;
			children = (
				4F2AF96F26A23FF300470F84 /* india_montage.mp4 */,
			);
			path = Videos;
			sourceTree = "<group>";
		};
		4F5292FA26AF05CD00AD6C8A /* Settings */ = {
			isa = PBXGroup;
			children = (
				4F5292FB26AF05DD00AD6C8A /* Settings.swift */,
				4F8CB27026B4E87B002B6FCD /* StandardXButton.swift */,
			);
			path = Settings;
			sourceTree = "<group>";
		};
		4F8CB25F26B49C2E002B6FCD /* Done */ = {
			isa = PBXGroup;
			children = (
				4F2AF96626A11A8D00470F84 /* Done.swift */,
				4F233ABD26AE6B270046FD91 /* DoneBar.swift */,
			);
			path = Done;
			sourceTree = "<group>";
		};
		4F8CB26026B49C88002B6FCD /* Success */ = {
			isa = PBXGroup;
			children = (
				4F2AF96226A0B1BB00470F84 /* Success.swift */,
				4F8CB26926B4A5C2002B6FCD /* PositiveMessage.swift */,
				4F8CB26B26B4A5FD002B6FCD /* NextButton.swift */,
				4F8CB26526B4A3CA002B6FCD /* StateImage.swift */,
				4F8CB26726B4A510002B6FCD /* Languages.swift */,
				4F8CB26326B49DC8002B6FCD /* LanguageView.swift */,
				4F8CB26126B49CAF002B6FCD /* CapitalView.swift */,
			);
			path = Success;
			sourceTree = "<group>";
		};
		4F8CB26D26B4DA91002B6FCD /* Main */ = {
			isa = PBXGroup;
			children = (
				4F2AF95D26A0A6F400470F84 /* Game.swift */,
				4F8CB26E26B4DB66002B6FCD /* AnswerTabContent.swift */,
				4F355AE126A09311009126EA /* AnswersForState.swift */,
				4F6D09E3269FC4C3008BEA2A /* WebView.swift */,
				4F233AA826AE644E0046FD91 /* TimeView.swift */,
			);
			path = Main;
			sourceTree = "<group>";
		};
		4FD60E8B269F74C40006C798 = {
			isa = PBXGroup;
			children = (
				4F4F2BEA26A2581E00B336A2 /* Notes */,
				4FD60E96269F74C40006C798 /* india_states */,
				4FD60E95269F74C40006C798 /* Products */,
			);
			sourceTree = "<group>";
		};
		4FD60E95269F74C40006C798 /* Products */ = {
			isa = PBXGroup;
			children = (
				4FD60E94269F74C40006C798 /* india_states.app */,
			);
			name = Products;
			sourceTree = "<group>";
		};
		4FD60E96269F74C40006C798 /* india_states */ = {
			isa = PBXGroup;
			children = (
				4FA374D926AFADAA0019D079 /* india_states.entitlements */,
				4F2AF95726A09A1C00470F84 /* Model */,
				4F2AF95B26A09B3000470F84 /* Resources */,
				4F2AF95A26A09B1A00470F84 /* Views */,
				4FD60EA0269F74C60006C798 /* Info.plist */,
				4FD60E9D269F74C60006C798 /* Preview Content */,
			);
			path = india_states;
			sourceTree = "<group>";
		};
		4FD60E9D269F74C60006C798 /* Preview Content */ = {
			isa = PBXGroup;
			children = (
				4FD60E9E269F74C60006C798 /* Preview Assets.xcassets */,
			);
			path = "Preview Content";
			sourceTree = "<group>";
		};
		4FF19BDC26B4644600281549 /* Images */ = {
			isa = PBXGroup;
			children = (
				4FD60E9B269F74C60006C798 /* Assets.xcassets */,
				4F4F2BEF26A3384B00B336A2 /* States.xcassets */,
				4FF19BD626B1DC9100281549 /* flagpng.png */,
			);
			path = Images;
			sourceTree = "<group>";
		};
		4FF19BDD26B466D100281549 /* Launch */ = {
			isa = PBXGroup;
			children = (
				4FD60E97269F74C40006C798 /* india_statesApp.swift */,
				4FD60E99269F74C40006C798 /* ContentView.swift */,
				4F86A1C726B0B5B50050C91D /* Launch Screen.storyboard */,
			);
			path = Launch;
			sourceTree = "<group>";
		};
/* End PBXGroup section */

/* Begin PBXNativeTarget section */
		4FD60E93269F74C40006C798 /* india_states */ = {
			isa = PBXNativeTarget;
			buildConfigurationList = 4FD60EA3269F74C60006C798 /* Build configuration list for PBXNativeTarget "india_states" */;
			buildPhases = (
				4FD60E90269F74C40006C798 /* Sources */,
				4FD60E91269F74C40006C798 /* Frameworks */,
				4FD60E92269F74C40006C798 /* Resources */,
			);
			buildRules = (
			);
			dependencies = (
			);
			name = india_states;
			packageProductDependencies = (
			);
			productName = india_states;
			productReference = 4FD60E94269F74C40006C798 /* india_states.app */;
			productType = "com.apple.product-type.application";
		};
/* End PBXNativeTarget section */

/* Begin PBXProject section */
		4FD60E8C269F74C40006C798 /* Project object */ = {
			isa = PBXProject;
			attributes = {
				LastSwiftUpdateCheck = 1250;
				LastUpgradeCheck = 1250;
				TargetAttributes = {
					4FD60E93269F74C40006C798 = {
						CreatedOnToolsVersion = 12.5.1;
					};
				};
			};
			buildConfigurationList = 4FD60E8F269F74C40006C798 /* Build configuration list for PBXProject "india_states" */;
			compatibilityVersion = "Xcode 9.3";
			developmentRegion = en;
			hasScannedForEncodings = 0;
			knownRegions = (
				en,
				Base,
			);
			mainGroup = 4FD60E8B269F74C40006C798;
			packageReferences = (
				4F2AF95F26A0AD0800470F84 /* XCRemoteSwiftPackageReference "SwiftUI-Introspect" */,
				4F4F2BEC26A328A300B336A2 /* XCRemoteSwiftPackageReference "WikipediaKit" */,
				4F5292FD26AF0C5400AD6C8A /* XCRemoteSwiftPackageReference "ScreenCorners" */,
			);
			productRefGroup = 4FD60E95269F74C40006C798 /* Products */;
			projectDirPath = "";
			projectRoot = "";
			targets = (
				4FD60E93269F74C40006C798 /* india_states */,
			);
		};
/* End PBXProject section */

/* Begin PBXResourcesBuildPhase section */
		4FD60E92269F74C40006C798 /* Resources */ = {
			isa = PBXResourcesBuildPhase;
			buildActionMask = 2147483647;
			files = (
				4F233A9D26AE55290046FD91 /* correct.wav in Resources */,
				4FD60E9F269F74C60006C798 /* Preview Assets.xcassets in Resources */,
				4F4F2BEB26A2581E00B336A2 /* Notes in Resources */,
				4FF19BD726B1DC9100281549 /* flagpng.png in Resources */,
				4FD60E9C269F74C60006C798 /* Assets.xcassets in Resources */,
				4F355AE0269FDE07009126EA /* india.html in Resources */,
				4F2AF97026A23FF300470F84 /* india_montage.mp4 in Resources */,
				4F4F2BF026A3384B00B336A2 /* States.xcassets in Resources */,
				4F233A9F26AE555E0046FD91 /* finish.wav in Resources */,
				4FF19BDB26B4640A00281549 /* Colors.xcassets in Resources */,
				4F86A1C826B0B5B50050C91D /* Launch Screen.storyboard in Resources */,
			);
			runOnlyForDeploymentPostprocessing = 0;
		};
/* End PBXResourcesBuildPhase section */

/* Begin PBXSourcesBuildPhase section */
		4FD60E90269F74C40006C798 /* Sources */ = {
			isa = PBXSourcesBuildPhase;
			buildActionMask = 2147483647;
			files = (
				4F8CB26A26B4A5C2002B6FCD /* PositiveMessage.swift in Sources */,
				4F233AAB26AE65580046FD91 /* GameTime.swift in Sources */,
				4F8CB26F26B4DB66002B6FCD /* AnswerTabContent.swift in Sources */,
				4F233AC226AE6D040046FD91 /* DarkBackground.swift in Sources */,
				4F86A1B826B094A90050C91D /* StatePercent.swift in Sources */,
				4F5292FC26AF05DD00AD6C8A /* Settings.swift in Sources */,
				4FA374D826AF54250019D079 /* OverflowScroll.swift in Sources */,
				4F6D09E4269FC4C3008BEA2A /* WebView.swift in Sources */,
				4F2AF96D26A2269F00470F84 /* Stats.swift in Sources */,
				4F233AB626AE69050046FD91 /* StateData.swift in Sources */,
				4F86A1BE26B09A7A0050C91D /* NoDataView.swift in Sources */,
				4F8CB26826B4A510002B6FCD /* Languages.swift in Sources */,
				4F86A1B626B093DB0050C91D /* isPreview.swift in Sources */,
				4F8CB26C26B4A5FD002B6FCD /* NextButton.swift in Sources */,
				4F2AF95926A09A2D00470F84 /* Color.swift in Sources */,
				4F233AA926AE644E0046FD91 /* TimeView.swift in Sources */,
				4F2AF96326A0B1BB00470F84 /* Success.swift in Sources */,
				4FF19BDF26B4710600281549 /* StatusBarController.swift in Sources */,
				4F233ABC26AE6A4E0046FD91 /* States.swift in Sources */,
				4F86A1BA26B094E90050C91D /* DataStore.swift in Sources */,
				4F2AF96726A11A8D00470F84 /* Done.swift in Sources */,
				4F2AF96926A11D0A00470F84 /* SingleAxisGeometryReader.swift in Sources */,
				4F86A1C026B09BB10050C91D /* viewIf.swift in Sources */,
				4F2AF95E26A0A6F400470F84 /* Game.swift in Sources */,
				4FD60E9A269F74C40006C798 /* ContentView.swift in Sources */,
				4F8CB27126B4E87B002B6FCD /* StandardXButton.swift in Sources */,
				4FD60E98269F74C40006C798 /* india_statesApp.swift in Sources */,
				4F233AB226AE67DC0046FD91 /* IndiaLanguage.swift in Sources */,
				4F2AF97226A2439D00470F84 /* LoopingPlayerView.swift in Sources */,
				4F233ABA26AE69170046FD91 /* License.swift in Sources */,
				4F86A1C226B09C3E0050C91D /* boolOSChecks.swift in Sources */,
				4F233AC426AE70330046FD91 /* String.swift in Sources */,
				4F8CB26226B49CAF002B6FCD /* CapitalView.swift in Sources */,
				4F86A1C626B0AB670050C91D /* Gradients.swift in Sources */,
				4F233ABE26AE6B270046FD91 /* DoneBar.swift in Sources */,
				4F86A1C426B0AAE60050C91D /* defaultPreviewStyle.swift in Sources */,
				4F8CB26626B4A3CA002B6FCD /* StateImage.swift in Sources */,
				4F233AB826AE690C0046FD91 /* InImage.swift in Sources */,
				4F8CB26426B49DC8002B6FCD /* LanguageView.swift in Sources */,
				4F233AA126AE55820046FD91 /* SoundPlayer.swift in Sources */,
				4F2AF96526A0BB6400470F84 /* Entry.swift in Sources */,
				4F355ADE269FC8B7009126EA /* InState.swift in Sources */,
				4F2AF96B26A2229200470F84 /* SettingsKey.swift in Sources */,
				4F355AE226A09311009126EA /* AnswersForState.swift in Sources */,
			);
			runOnlyForDeploymentPostprocessing = 0;
		};
/* End PBXSourcesBuildPhase section */

/* Begin XCBuildConfiguration section */
		4FD60EA1269F74C60006C798 /* Debug */ = {
			isa = XCBuildConfiguration;
			buildSettings = {
				ALWAYS_SEARCH_USER_PATHS = NO;
				CLANG_ANALYZER_NONNULL = YES;
				CLANG_ANALYZER_NUMBER_OBJECT_CONVERSION = YES_AGGRESSIVE;
				CLANG_CXX_LANGUAGE_STANDARD = "gnu++14";
				CLANG_CXX_LIBRARY = "libc++";
				CLANG_ENABLE_MODULES = YES;
				CLANG_ENABLE_OBJC_ARC = YES;
				CLANG_ENABLE_OBJC_WEAK = YES;
				CLANG_WARN_BLOCK_CAPTURE_AUTORELEASING = YES;
				CLANG_WARN_BOOL_CONVERSION = YES;
				CLANG_WARN_COMMA = YES;
				CLANG_WARN_CONSTANT_CONVERSION = YES;
				CLANG_WARN_DEPRECATED_OBJC_IMPLEMENTATIONS = YES;
				CLANG_WARN_DIRECT_OBJC_ISA_USAGE = YES_ERROR;
				CLANG_WARN_DOCUMENTATION_COMMENTS = YES;
				CLANG_WARN_EMPTY_BODY = YES;
				CLANG_WARN_ENUM_CONVERSION = YES;
				CLANG_WARN_INFINITE_RECURSION = YES;
				CLANG_WARN_INT_CONVERSION = YES;
				CLANG_WARN_NON_LITERAL_NULL_CONVERSION = YES;
				CLANG_WARN_OBJC_IMPLICIT_RETAIN_SELF = YES;
				CLANG_WARN_OBJC_LITERAL_CONVERSION = YES;
				CLANG_WARN_OBJC_ROOT_CLASS = YES_ERROR;
				CLANG_WARN_QUOTED_INCLUDE_IN_FRAMEWORK_HEADER = YES;
				CLANG_WARN_RANGE_LOOP_ANALYSIS = YES;
				CLANG_WARN_STRICT_PROTOTYPES = YES;
				CLANG_WARN_SUSPICIOUS_MOVE = YES;
				CLANG_WARN_UNGUARDED_AVAILABILITY = YES_AGGRESSIVE;
				CLANG_WARN_UNREACHABLE_CODE = YES;
				CLANG_WARN__DUPLICATE_METHOD_MATCH = YES;
				COPY_PHASE_STRIP = NO;
				DEBUG_INFORMATION_FORMAT = dwarf;
				ENABLE_STRICT_OBJC_MSGSEND = YES;
				ENABLE_TESTABILITY = YES;
				GCC_C_LANGUAGE_STANDARD = gnu11;
				GCC_DYNAMIC_NO_PIC = NO;
				GCC_NO_COMMON_BLOCKS = YES;
				GCC_OPTIMIZATION_LEVEL = 0;
				GCC_PREPROCESSOR_DEFINITIONS = (
					"DEBUG=1",
					"$(inherited)",
				);
				GCC_WARN_64_TO_32_BIT_CONVERSION = YES;
				GCC_WARN_ABOUT_RETURN_TYPE = YES_ERROR;
				GCC_WARN_UNDECLARED_SELECTOR = YES;
				GCC_WARN_UNINITIALIZED_AUTOS = YES_AGGRESSIVE;
				GCC_WARN_UNUSED_FUNCTION = YES;
				GCC_WARN_UNUSED_VARIABLE = YES;
				IPHONEOS_DEPLOYMENT_TARGET = 14.5;
				MTL_ENABLE_DEBUG_INFO = INCLUDE_SOURCE;
				MTL_FAST_MATH = YES;
				ONLY_ACTIVE_ARCH = YES;
				SDKROOT = iphoneos;
				SWIFT_ACTIVE_COMPILATION_CONDITIONS = DEBUG;
				SWIFT_OPTIMIZATION_LEVEL = "-Onone";
			};
			name = Debug;
		};
		4FD60EA2269F74C60006C798 /* Release */ = {
			isa = XCBuildConfiguration;
			buildSettings = {
				ALWAYS_SEARCH_USER_PATHS = NO;
				CLANG_ANALYZER_NONNULL = YES;
				CLANG_ANALYZER_NUMBER_OBJECT_CONVERSION = YES_AGGRESSIVE;
				CLANG_CXX_LANGUAGE_STANDARD = "gnu++14";
				CLANG_CXX_LIBRARY = "libc++";
				CLANG_ENABLE_MODULES = YES;
				CLANG_ENABLE_OBJC_ARC = YES;
				CLANG_ENABLE_OBJC_WEAK = YES;
				CLANG_WARN_BLOCK_CAPTURE_AUTORELEASING = YES;
				CLANG_WARN_BOOL_CONVERSION = YES;
				CLANG_WARN_COMMA = YES;
				CLANG_WARN_CONSTANT_CONVERSION = YES;
				CLANG_WARN_DEPRECATED_OBJC_IMPLEMENTATIONS = YES;
				CLANG_WARN_DIRECT_OBJC_ISA_USAGE = YES_ERROR;
				CLANG_WARN_DOCUMENTATION_COMMENTS = YES;
				CLANG_WARN_EMPTY_BODY = YES;
				CLANG_WARN_ENUM_CONVERSION = YES;
				CLANG_WARN_INFINITE_RECURSION = YES;
				CLANG_WARN_INT_CONVERSION = YES;
				CLANG_WARN_NON_LITERAL_NULL_CONVERSION = YES;
				CLANG_WARN_OBJC_IMPLICIT_RETAIN_SELF = YES;
				CLANG_WARN_OBJC_LITERAL_CONVERSION = YES;
				CLANG_WARN_OBJC_ROOT_CLASS = YES_ERROR;
				CLANG_WARN_QUOTED_INCLUDE_IN_FRAMEWORK_HEADER = YES;
				CLANG_WARN_RANGE_LOOP_ANALYSIS = YES;
				CLANG_WARN_STRICT_PROTOTYPES = YES;
				CLANG_WARN_SUSPICIOUS_MOVE = YES;
				CLANG_WARN_UNGUARDED_AVAILABILITY = YES_AGGRESSIVE;
				CLANG_WARN_UNREACHABLE_CODE = YES;
				CLANG_WARN__DUPLICATE_METHOD_MATCH = YES;
				COPY_PHASE_STRIP = NO;
				DEBUG_INFORMATION_FORMAT = "dwarf-with-dsym";
				ENABLE_NS_ASSERTIONS = NO;
				ENABLE_STRICT_OBJC_MSGSEND = YES;
				GCC_C_LANGUAGE_STANDARD = gnu11;
				GCC_NO_COMMON_BLOCKS = YES;
				GCC_WARN_64_TO_32_BIT_CONVERSION = YES;
				GCC_WARN_ABOUT_RETURN_TYPE = YES_ERROR;
				GCC_WARN_UNDECLARED_SELECTOR = YES;
				GCC_WARN_UNINITIALIZED_AUTOS = YES_AGGRESSIVE;
				GCC_WARN_UNUSED_FUNCTION = YES;
				GCC_WARN_UNUSED_VARIABLE = YES;
				IPHONEOS_DEPLOYMENT_TARGET = 14.5;
				MTL_ENABLE_DEBUG_INFO = NO;
				MTL_FAST_MATH = YES;
				SDKROOT = iphoneos;
				SWIFT_COMPILATION_MODE = wholemodule;
				SWIFT_OPTIMIZATION_LEVEL = "-O";
				VALIDATE_PRODUCT = YES;
			};
			name = Release;
		};
		4FD60EA4269F74C60006C798 /* Debug */ = {
			isa = XCBuildConfiguration;
			buildSettings = {
				ASSETCATALOG_COMPILER_APPICON_NAME = AppIcon;
				ASSETCATALOG_COMPILER_GLOBAL_ACCENT_COLOR_NAME = AccentColor;
				CODE_SIGN_ENTITLEMENTS = india_states/india_states.entitlements;
				CODE_SIGN_STYLE = Automatic;
				CURRENT_PROJECT_VERSION = 5;
				DEVELOPMENT_ASSET_PATHS = "\"india_states/Preview Content\"";
				DEVELOPMENT_TEAM = 5459S5J3PY;
				ENABLE_PREVIEWS = YES;
				INFOPLIST_FILE = india_states/Info.plist;
				IPHONEOS_DEPLOYMENT_TARGET = 14.0;
				LD_RUNPATH_SEARCH_PATHS = (
					"$(inherited)",
					"@executable_path/Frameworks",
				);
				PRODUCT_BUNDLE_IDENTIFIER = "com.natesabrown.india-states";
				PRODUCT_NAME = "$(TARGET_NAME)";
				SUPPORTS_MACCATALYST = YES;
				SWIFT_VERSION = 5.0;
				TARGETED_DEVICE_FAMILY = "1,2";
			};
			name = Debug;
		};
		4FD60EA5269F74C60006C798 /* Release */ = {
			isa = XCBuildConfiguration;
			buildSettings = {
				ASSETCATALOG_COMPILER_APPICON_NAME = AppIcon;
				ASSETCATALOG_COMPILER_GLOBAL_ACCENT_COLOR_NAME = AccentColor;
				CODE_SIGN_ENTITLEMENTS = india_states/india_states.entitlements;
				CODE_SIGN_STYLE = Automatic;
				CURRENT_PROJECT_VERSION = 5;
				DEVELOPMENT_ASSET_PATHS = "\"india_states/Preview Content\"";
				DEVELOPMENT_TEAM = 5459S5J3PY;
				ENABLE_PREVIEWS = YES;
				INFOPLIST_FILE = india_states/Info.plist;
				IPHONEOS_DEPLOYMENT_TARGET = 14.0;
				LD_RUNPATH_SEARCH_PATHS = (
					"$(inherited)",
					"@executable_path/Frameworks",
				);
				PRODUCT_BUNDLE_IDENTIFIER = "com.natesabrown.india-states";
				PRODUCT_NAME = "$(TARGET_NAME)";
				SUPPORTS_MACCATALYST = YES;
				SWIFT_VERSION = 5.0;
				TARGETED_DEVICE_FAMILY = "1,2";
			};
			name = Release;
		};
/* End XCBuildConfiguration section */

/* Begin XCConfigurationList section */
		4FD60E8F269F74C40006C798 /* Build configuration list for PBXProject "india_states" */ = {
			isa = XCConfigurationList;
			buildConfigurations = (
				4FD60EA1269F74C60006C798 /* Debug */,
				4FD60EA2269F74C60006C798 /* Release */,
			);
			defaultConfigurationIsVisible = 0;
			defaultConfigurationName = Release;
		};
		4FD60EA3269F74C60006C798 /* Build configuration list for PBXNativeTarget "india_states" */ = {
			isa = XCConfigurationList;
			buildConfigurations = (
				4FD60EA4269F74C60006C798 /* Debug */,
				4FD60EA5269F74C60006C798 /* Release */,
			);
			defaultConfigurationIsVisible = 0;
			defaultConfigurationName = Release;
		};
/* End XCConfigurationList section */

/* Begin XCRemoteSwiftPackageReference section */
		4F2AF95F26A0AD0800470F84 /* XCRemoteSwiftPackageReference "SwiftUI-Introspect" */ = {
			isa = XCRemoteSwiftPackageReference;
			repositoryURL = "https://github.com/siteline/SwiftUI-Introspect.git";
			requirement = {
				kind = upToNextMajorVersion;
				minimumVersion = 0.1.3;
			};
		};
		4F4F2BEC26A328A300B336A2 /* XCRemoteSwiftPackageReference "WikipediaKit" */ = {
			isa = XCRemoteSwiftPackageReference;
			repositoryURL = "https://github.com/Raureif/WikipediaKit";
			requirement = {
				kind = upToNextMajorVersion;
				minimumVersion = 3.0.3;
			};
		};
		4F5292FD26AF0C5400AD6C8A /* XCRemoteSwiftPackageReference "ScreenCorners" */ = {
			isa = XCRemoteSwiftPackageReference;
			repositoryURL = "https://github.com/kylebshr/ScreenCorners";
			requirement = {
				kind = upToNextMajorVersion;
				minimumVersion = 1.0.1;
			};
		};
/* End XCRemoteSwiftPackageReference section */
	};
	rootObject = 4FD60E8C269F74C40006C798 /* Project object */;
}
